// !$*UTF8*$!
{
	archiveVersion = 1;
	classes = {
	};
	objectVersion = 46;
	objects = {

/* Begin PBXBuildFile section */
		5B3E12A71E80C63800EACA9E /* FoundationClass.swift in Sources */ = {isa = PBXBuildFile; fileRef = 5B3E12A61E80C63800EACA9E /* FoundationClass.swift */; };
		5B3E60C21E7793FB0080FCF4 /* ZKBaseModel.swift in Sources */ = {isa = PBXBuildFile; fileRef = 5B3E60C11E7793FB0080FCF4 /* ZKBaseModel.swift */; };
		5B58E83C1E768B0F00F102B7 /* AppDelegate.swift in Sources */ = {isa = PBXBuildFile; fileRef = 5B58E83B1E768B0F00F102B7 /* AppDelegate.swift */; };
		5B58E83E1E768B0F00F102B7 /* ViewController.swift in Sources */ = {isa = PBXBuildFile; fileRef = 5B58E83D1E768B0F00F102B7 /* ViewController.swift */; };
		5B58E8411E768B0F00F102B7 /* Main.storyboard in Resources */ = {isa = PBXBuildFile; fileRef = 5B58E83F1E768B0F00F102B7 /* Main.storyboard */; };
		5B58E8431E768B0F00F102B7 /* Assets.xcassets in Resources */ = {isa = PBXBuildFile; fileRef = 5B58E8421E768B0F00F102B7 /* Assets.xcassets */; };
		5B58E8461E768B0F00F102B7 /* LaunchScreen.storyboard in Resources */ = {isa = PBXBuildFile; fileRef = 5B58E8441E768B0F00F102B7 /* LaunchScreen.storyboard */; };
		5B58E8511E768B0F00F102B7 /* ZKBaseModelTests.swift in Sources */ = {isa = PBXBuildFile; fileRef = 5B58E8501E768B0F00F102B7 /* ZKBaseModelTests.swift */; };
		5B58E85C1E768B0F00F102B7 /* ZKBaseModelUITests.swift in Sources */ = {isa = PBXBuildFile; fileRef = 5B58E85B1E768B0F00F102B7 /* ZKBaseModelUITests.swift */; };
/* End PBXBuildFile section */

/* Begin PBXContainerItemProxy section */
		5B58E84D1E768B0F00F102B7 /* PBXContainerItemProxy */ = {
			isa = PBXContainerItemProxy;
			containerPortal = 5B58E8301E768B0F00F102B7 /* Project object */;
			proxyType = 1;
			remoteGlobalIDString = 5B58E8371E768B0F00F102B7;
			remoteInfo = ZKBaseModel;
		};
		5B58E8581E768B0F00F102B7 /* PBXContainerItemProxy */ = {
			isa = PBXContainerItemProxy;
			containerPortal = 5B58E8301E768B0F00F102B7 /* Project object */;
			proxyType = 1;
			remoteGlobalIDString = 5B58E8371E768B0F00F102B7;
			remoteInfo = ZKBaseModel;
		};
/* End PBXContainerItemProxy section */

/* Begin PBXFileReference section */
		5B3E12A61E80C63800EACA9E /* FoundationClass.swift */ = {isa = PBXFileReference; fileEncoding = 4; lastKnownFileType = sourcecode.swift; path = FoundationClass.swift; sourceTree = "<group>"; };
		5B3E60C11E7793FB0080FCF4 /* ZKBaseModel.swift */ = {isa = PBXFileReference; fileEncoding = 4; lastKnownFileType = sourcecode.swift; path = ZKBaseModel.swift; sourceTree = "<group>"; };
		5B58E8381E768B0F00F102B7 /* ZKBaseModel.app */ = {isa = PBXFileReference; explicitFileType = wrapper.application; includeInIndex = 0; path = ZKBaseModel.app; sourceTree = BUILT_PRODUCTS_DIR; };
		5B58E83B1E768B0F00F102B7 /* AppDelegate.swift */ = {isa = PBXFileReference; lastKnownFileType = sourcecode.swift; path = AppDelegate.swift; sourceTree = "<group>"; };
		5B58E83D1E768B0F00F102B7 /* ViewController.swift */ = {isa = PBXFileReference; lastKnownFileType = sourcecode.swift; path = ViewController.swift; sourceTree = "<group>"; };
		5B58E8401E768B0F00F102B7 /* Base */ = {isa = PBXFileReference; lastKnownFileType = file.storyboard; name = Base; path = Base.lproj/Main.storyboard; sourceTree = "<group>"; };
		5B58E8421E768B0F00F102B7 /* Assets.xcassets */ = {isa = PBXFileReference; lastKnownFileType = folder.assetcatalog; path = Assets.xcassets; sourceTree = "<group>"; };
		5B58E8451E768B0F00F102B7 /* Base */ = {isa = PBXFileReference; lastKnownFileType = file.storyboard; name = Base; path = Base.lproj/LaunchScreen.storyboard; sourceTree = "<group>"; };
		5B58E8471E768B0F00F102B7 /* Info.plist */ = {isa = PBXFileReference; lastKnownFileType = text.plist.xml; path = Info.plist; sourceTree = "<group>"; };
		5B58E84C1E768B0F00F102B7 /* ZKBaseModelTests.xctest */ = {isa = PBXFileReference; explicitFileType = wrapper.cfbundle; includeInIndex = 0; path = ZKBaseModelTests.xctest; sourceTree = BUILT_PRODUCTS_DIR; };
		5B58E8501E768B0F00F102B7 /* ZKBaseModelTests.swift */ = {isa = PBXFileReference; lastKnownFileType = sourcecode.swift; path = ZKBaseModelTests.swift; sourceTree = "<group>"; };
		5B58E8521E768B0F00F102B7 /* Info.plist */ = {isa = PBXFileReference; lastKnownFileType = text.plist.xml; path = Info.plist; sourceTree = "<group>"; };
		5B58E8571E768B0F00F102B7 /* ZKBaseModelUITests.xctest */ = {isa = PBXFileReference; explicitFileType = wrapper.cfbundle; includeInIndex = 0; path = ZKBaseModelUITests.xctest; sourceTree = BUILT_PRODUCTS_DIR; };
		5B58E85B1E768B0F00F102B7 /* ZKBaseModelUITests.swift */ = {isa = PBXFileReference; lastKnownFileType = sourcecode.swift; path = ZKBaseModelUITests.swift; sourceTree = "<group>"; };
		5B58E85D1E768B0F00F102B7 /* Info.plist */ = {isa = PBXFileReference; lastKnownFileType = text.plist.xml; path = Info.plist; sourceTree = "<group>"; };
/* End PBXFileReference section */

/* Begin PBXFrameworksBuildPhase section */
		5B58E8351E768B0F00F102B7 /* Frameworks */ = {
			isa = PBXFrameworksBuildPhase;
			buildActionMask = 2147483647;
			files = (
			);
			runOnlyForDeploymentPostprocessing = 0;
		};
		5B58E8491E768B0F00F102B7 /* Frameworks */ = {
			isa = PBXFrameworksBuildPhase;
			buildActionMask = 2147483647;
			files = (
			);
			runOnlyForDeploymentPostprocessing = 0;
		};
		5B58E8541E768B0F00F102B7 /* Frameworks */ = {
			isa = PBXFrameworksBuildPhase;
			buildActionMask = 2147483647;
			files = (
			);
			runOnlyForDeploymentPostprocessing = 0;
		};
/* End PBXFrameworksBuildPhase section */

/* Begin PBXGroup section */
		5B58E82F1E768B0F00F102B7 = {
			isa = PBXGroup;
			children = (
				5B58E83A1E768B0F00F102B7 /* ZKBaseModel */,
				5B58E84F1E768B0F00F102B7 /* ZKBaseModelTests */,
				5B58E85A1E768B0F00F102B7 /* ZKBaseModelUITests */,
				5B58E8391E768B0F00F102B7 /* Products */,
			);
			sourceTree = "<group>";
		};
		5B58E8391E768B0F00F102B7 /* Products */ = {
			isa = PBXGroup;
			children = (
				5B58E8381E768B0F00F102B7 /* ZKBaseModel.app */,
				5B58E84C1E768B0F00F102B7 /* ZKBaseModelTests.xctest */,
				5B58E8571E768B0F00F102B7 /* ZKBaseModelUITests.xctest */,
			);
			name = Products;
			sourceTree = "<group>";
		};
		5B58E83A1E768B0F00F102B7 /* ZKBaseModel */ = {
			isa = PBXGroup;
			children = (
				5B58E8691E768B6100F102B7 /* BaseModel */,
				5B58E83B1E768B0F00F102B7 /* AppDelegate.swift */,
				5B58E83D1E768B0F00F102B7 /* ViewController.swift */,
				5B58E83F1E768B0F00F102B7 /* Main.storyboard */,
				5B58E8421E768B0F00F102B7 /* Assets.xcassets */,
				5B58E8441E768B0F00F102B7 /* LaunchScreen.storyboard */,
				5B58E8471E768B0F00F102B7 /* Info.plist */,
			);
			path = ZKBaseModel;
			sourceTree = "<group>";
		};
		5B58E84F1E768B0F00F102B7 /* ZKBaseModelTests */ = {
			isa = PBXGroup;
			children = (
				5B58E8501E768B0F00F102B7 /* ZKBaseModelTests.swift */,
				5B58E8521E768B0F00F102B7 /* Info.plist */,
			);
			path = ZKBaseModelTests;
			sourceTree = "<group>";
		};
		5B58E85A1E768B0F00F102B7 /* ZKBaseModelUITests */ = {
			isa = PBXGroup;
			children = (
				5B58E85B1E768B0F00F102B7 /* ZKBaseModelUITests.swift */,
				5B58E85D1E768B0F00F102B7 /* Info.plist */,
			);
			path = ZKBaseModelUITests;
			sourceTree = "<group>";
		};
		5B58E8691E768B6100F102B7 /* BaseModel */ = {
			isa = PBXGroup;
			children = (
				5B3E60C11E7793FB0080FCF4 /* ZKBaseModel.swift */,
				5B3E12A61E80C63800EACA9E /* FoundationClass.swift */,
			);
			path = BaseModel;
			sourceTree = "<group>";
		};
/* End PBXGroup section */

/* Begin PBXNativeTarget section */
		5B58E8371E768B0F00F102B7 /* ZKBaseModel */ = {
			isa = PBXNativeTarget;
			buildConfigurationList = 5B58E8601E768B0F00F102B7 /* Build configuration list for PBXNativeTarget "ZKBaseModel" */;
			buildPhases = (
				5B58E8341E768B0F00F102B7 /* Sources */,
				5B58E8351E768B0F00F102B7 /* Frameworks */,
				5B58E8361E768B0F00F102B7 /* Resources */,
			);
			buildRules = (
			);
			dependencies = (
			);
			name = ZKBaseModel;
			productName = ZKBaseModel;
			productReference = 5B58E8381E768B0F00F102B7 /* ZKBaseModel.app */;
			productType = "com.apple.product-type.application";
		};
		5B58E84B1E768B0F00F102B7 /* ZKBaseModelTests */ = {
			isa = PBXNativeTarget;
			buildConfigurationList = 5B58E8631E768B0F00F102B7 /* Build configuration list for PBXNativeTarget "ZKBaseModelTests" */;
			buildPhases = (
				5B58E8481E768B0F00F102B7 /* Sources */,
				5B58E8491E768B0F00F102B7 /* Frameworks */,
				5B58E84A1E768B0F00F102B7 /* Resources */,
			);
			buildRules = (
			);
			dependencies = (
				5B58E84E1E768B0F00F102B7 /* PBXTargetDependency */,
			);
			name = ZKBaseModelTests;
			productName = ZKBaseModelTests;
			productReference = 5B58E84C1E768B0F00F102B7 /* ZKBaseModelTests.xctest */;
			productType = "com.apple.product-type.bundle.unit-test";
		};
		5B58E8561E768B0F00F102B7 /* ZKBaseModelUITests */ = {
			isa = PBXNativeTarget;
			buildConfigurationList = 5B58E8661E768B0F00F102B7 /* Build configuration list for PBXNativeTarget "ZKBaseModelUITests" */;
			buildPhases = (
				5B58E8531E768B0F00F102B7 /* Sources */,
				5B58E8541E768B0F00F102B7 /* Frameworks */,
				5B58E8551E768B0F00F102B7 /* Resources */,
			);
			buildRules = (
			);
			dependencies = (
				5B58E8591E768B0F00F102B7 /* PBXTargetDependency */,
			);
			name = ZKBaseModelUITests;
			productName = ZKBaseModelUITests;
			productReference = 5B58E8571E768B0F00F102B7 /* ZKBaseModelUITests.xctest */;
			productType = "com.apple.product-type.bundle.ui-testing";
		};
/* End PBXNativeTarget section */

/* Begin PBXProject section */
		5B58E8301E768B0F00F102B7 /* Project object */ = {
			isa = PBXProject;
			attributes = {
				LastSwiftUpdateCheck = 0820;
				LastUpgradeCheck = 0820;
				ORGANIZATIONNAME = zhikai.li;
				TargetAttributes = {
					5B58E8371E768B0F00F102B7 = {
						CreatedOnToolsVersion = 8.2.1;
						DevelopmentTeam = 4JX7X95H6G;
						ProvisioningStyle = Automatic;
					};
					5B58E84B1E768B0F00F102B7 = {
						CreatedOnToolsVersion = 8.2.1;
						ProvisioningStyle = Automatic;
						TestTargetID = 5B58E8371E768B0F00F102B7;
					};
					5B58E8561E768B0F00F102B7 = {
						CreatedOnToolsVersion = 8.2.1;
						ProvisioningStyle = Automatic;
						TestTargetID = 5B58E8371E768B0F00F102B7;
					};
				};
			};
			buildConfigurationList = 5B58E8331E768B0F00F102B7 /* Build configuration list for PBXProject "ZKBaseModel" */;
			compatibilityVersion = "Xcode 3.2";
			developmentRegion = English;
			hasScannedForEncodings = 0;
			knownRegions = (
				en,
				Base,
			);
			mainGroup = 5B58E82F1E768B0F00F102B7;
			productRefGroup = 5B58E8391E768B0F00F102B7 /* Products */;
			projectDirPath = "";
			projectRoot = "";
			targets = (
				5B58E8371E768B0F00F102B7 /* ZKBaseModel */,
				5B58E84B1E768B0F00F102B7 /* ZKBaseModelTests */,
				5B58E8561E768B0F00F102B7 /* ZKBaseModelUITests */,
			);
		};
/* End PBXProject section */

/* Begin PBXResourcesBuildPhase section */
		5B58E8361E768B0F00F102B7 /* Resources */ = {
			isa = PBXResourcesBuildPhase;
			buildActionMask = 2147483647;
			files = (
				5B58E8461E768B0F00F102B7 /* LaunchScreen.storyboard in Resources */,
				5B58E8431E768B0F00F102B7 /* Assets.xcassets in Resources */,
				5B58E8411E768B0F00F102B7 /* Main.storyboard in Resources */,
			);
			runOnlyForDeploymentPostprocessing = 0;
		};
		5B58E84A1E768B0F00F102B7 /* Resources */ = {
			isa = PBXResourcesBuildPhase;
			buildActionMask = 2147483647;
			files = (
			);
			runOnlyForDeploymentPostprocessing = 0;
		};
		5B58E8551E768B0F00F102B7 /* Resources */ = {
			isa = PBXResourcesBuildPhase;
			buildActionMask = 2147483647;
			files = (
			);
			runOnlyForDeploymentPostprocessing = 0;
		};
/* End PBXResourcesBuildPhase section */

/* Begin PBXSourcesBuildPhase section */
		5B58E8341E768B0F00F102B7 /* Sources */ = {
			isa = PBXSourcesBuildPhase;
			buildActionMask = 2147483647;
			files = (
				5B58E83E1E768B0F00F102B7 /* ViewController.swift in Sources */,
				5B3E12A71E80C63800EACA9E /* FoundationClass.swift in Sources */,
				5B58E83C1E768B0F00F102B7 /* AppDelegate.swift in Sources */,
				5B3E60C21E7793FB0080FCF4 /* ZKBaseModel.swift in Sources */,
			);
			runOnlyForDeploymentPostprocessing = 0;
		};
		5B58E8481E768B0F00F102B7 /* Sources */ = {
			isa = PBXSourcesBuildPhase;
			buildActionMask = 2147483647;
			files = (
				5B58E8511E768B0F00F102B7 /* ZKBaseModelTests.swift in Sources */,
			);
			runOnlyForDeploymentPostprocessing = 0;
		};
		5B58E8531E768B0F00F102B7 /* Sources */ = {
			isa = PBXSourcesBuildPhase;
			buildActionMask = 2147483647;
			files = (
				5B58E85C1E768B0F00F102B7 /* ZKBaseModelUITests.swift in Sources */,
			);
			runOnlyForDeploymentPostprocessing = 0;
		};
/* End PBXSourcesBuildPhase section */

/* Begin PBXTargetDependency section */
		5B58E84E1E768B0F00F102B7 /* PBXTargetDependency */ = {
			isa = PBXTargetDependency;
			target = 5B58E8371E768B0F00F102B7 /* ZKBaseModel */;
			targetProxy = 5B58E84D1E768B0F00F102B7 /* PBXContainerItemProxy */;
		};
		5B58E8591E768B0F00F102B7 /* PBXTargetDependency */ = {
			isa = PBXTargetDependency;
			target = 5B58E8371E768B0F00F102B7 /* ZKBaseModel */;
			targetProxy = 5B58E8581E768B0F00F102B7 /* PBXContainerItemProxy */;
		};
/* End PBXTargetDependency section */

/* Begin PBXVariantGroup section */
		5B58E83F1E768B0F00F102B7 /* Main.storyboard */ = {
			isa = PBXVariantGroup;
			children = (
				5B58E8401E768B0F00F102B7 /* Base */,
			);
			name = Main.storyboard;
			sourceTree = "<group>";
		};
		5B58E8441E768B0F00F102B7 /* LaunchScreen.storyboard */ = {
			isa = PBXVariantGroup;
			children = (
				5B58E8451E768B0F00F102B7 /* Base */,
			);
			name = LaunchScreen.storyboard;
			sourceTree = "<group>";
		};
/* End PBXVariantGroup section */

/* Begin XCBuildConfiguration section */
		5B58E85E1E768B0F00F102B7 /* Debug */ = {
			isa = XCBuildConfiguration;
			buildSettings = {
				ALWAYS_SEARCH_USER_PATHS = NO;
				CLANG_ANALYZER_NONNULL = YES;
				CLANG_CXX_LANGUAGE_STANDARD = "gnu++0x";
				CLANG_CXX_LIBRARY = "libc++";
				CLANG_ENABLE_MODULES = YES;
				CLANG_ENABLE_OBJC_ARC = YES;
				CLANG_WARN_BOOL_CONVERSION = YES;
				CLANG_WARN_CONSTANT_CONVERSION = YES;
				CLANG_WARN_DIRECT_OBJC_ISA_USAGE = YES_ERROR;
				CLANG_WARN_DOCUMENTATION_COMMENTS = YES;
				CLANG_WARN_EMPTY_BODY = YES;
				CLANG_WARN_ENUM_CONVERSION = YES;
				CLANG_WARN_INFINITE_RECURSION = YES;
				CLANG_WARN_INT_CONVERSION = YES;
				CLANG_WARN_OBJC_ROOT_CLASS = YES_ERROR;
				CLANG_WARN_SUSPICIOUS_MOVE = YES;
				CLANG_WARN_UNREACHABLE_CODE = YES;
				CLANG_WARN__DUPLICATE_METHOD_MATCH = YES;
				"CODE_SIGN_IDENTITY[sdk=iphoneos*]" = "iPhone Developer";
				COPY_PHASE_STRIP = NO;
				DEBUG_INFORMATION_FORMAT = dwarf;
				ENABLE_STRICT_OBJC_MSGSEND = YES;
				ENABLE_TESTABILITY = YES;
				GCC_C_LANGUAGE_STANDARD = gnu99;
				GCC_DYNAMIC_NO_PIC = NO;
				GCC_NO_COMMON_BLOCKS = YES;
				GCC_OPTIMIZATION_LEVEL = 0;
				GCC_PREPROCESSOR_DEFINITIONS = (
					"DEBUG=1",
					"$(inherited)",
				);
				GCC_WARN_64_TO_32_BIT_CONVERSION = YES;
				GCC_WARN_ABOUT_RETURN_TYPE = YES_ERROR;
				GCC_WARN_UNDECLARED_SELECTOR = YES;
				GCC_WARN_UNINITIALIZED_AUTOS = YES_AGGRESSIVE;
				GCC_WARN_UNUSED_FUNCTION = YES;
				GCC_WARN_UNUSED_VARIABLE = YES;
				IPHONEOS_DEPLOYMENT_TARGET = 10.2;
				MTL_ENABLE_DEBUG_INFO = YES;
				ONLY_ACTIVE_ARCH = YES;
				SDKROOT = iphoneos;
				SWIFT_ACTIVE_COMPILATION_CONDITIONS = DEBUG;
				SWIFT_OPTIMIZATION_LEVEL = "-Onone";
				TARGETED_DEVICE_FAMILY = "1,2";
			};
			name = Debug;
		};
		5B58E85F1E768B0F00F102B7 /* Release */ = {
			isa = XCBuildConfiguration;
			buildSettings = {
				ALWAYS_SEARCH_USER_PATHS = NO;
				CLANG_ANALYZER_NONNULL = YES;
				CLANG_CXX_LANGUAGE_STANDARD = "gnu++0x";
				CLANG_CXX_LIBRARY = "libc++";
				CLANG_ENABLE_MODULES = YES;
				CLANG_ENABLE_OBJC_ARC = YES;
				CLANG_WARN_BOOL_CONVERSION = YES;
				CLANG_WARN_CONSTANT_CONVERSION = YES;
				CLANG_WARN_DIRECT_OBJC_ISA_USAGE = YES_ERROR;
				CLANG_WARN_DOCUMENTATION_COMMENTS = YES;
				CLANG_WARN_EMPTY_BODY = YES;
				CLANG_WARN_ENUM_CONVERSION = YES;
				CLANG_WARN_INFINITE_RECURSION = YES;
				CLANG_WARN_INT_CONVERSION = YES;
				CLANG_WARN_OBJC_ROOT_CLASS = YES_ERROR;
				CLANG_WARN_SUSPICIOUS_MOVE = YES;
				CLANG_WARN_UNREACHABLE_CODE = YES;
				CLANG_WARN__DUPLICATE_METHOD_MATCH = YES;
				"CODE_SIGN_IDENTITY[sdk=iphoneos*]" = "iPhone Developer";
				COPY_PHASE_STRIP = NO;
				DEBUG_INFORMATION_FORMAT = "dwarf-with-dsym";
				ENABLE_NS_ASSERTIONS = NO;
				ENABLE_STRICT_OBJC_MSGSEND = YES;
				GCC_C_LANGUAGE_STANDARD = gnu99;
				GCC_NO_COMMON_BLOCKS = YES;
				GCC_WARN_64_TO_32_BIT_CONVERSION = YES;
				GCC_WARN_ABOUT_RETURN_TYPE = YES_ERROR;
				GCC_WARN_UNDECLARED_SELECTOR = YES;
				GCC_WARN_UNINITIALIZED_AUTOS = YES_AGGRESSIVE;
				GCC_WARN_UNUSED_FUNCTION = YES;
				GCC_WARN_UNUSED_VARIABLE = YES;
				IPHONEOS_DEPLOYMENT_TARGET = 10.2;
				MTL_ENABLE_DEBUG_INFO = NO;
				SDKROOT = iphoneos;
				SWIFT_OPTIMIZATION_LEVEL = "-Owholemodule";
				TARGETED_DEVICE_FAMILY = "1,2";
				VALIDATE_PRODUCT = YES;
			};
			name = Release;
		};
		5B58E8611E768B0F00F102B7 /* Debug */ = {
			isa = XCBuildConfiguration;
			buildSettings = {
				ASSETCATALOG_COMPILER_APPICON_NAME = AppIcon;
				DEVELOPMENT_TEAM = 4JX7X95H6G;
				INFOPLIST_FILE = ZKBaseModel/Info.plist;
				LD_RUNPATH_SEARCH_PATHS = "$(inherited) @executable_path/Frameworks";
				PRODUCT_BUNDLE_IDENTIFIER = com.ZKBaseModel;
				PRODUCT_NAME = "$(TARGET_NAME)";
				SWIFT_VERSION = 3.0;
			};
			name = Debug;
		};
		5B58E8621E768B0F00F102B7 /* Release */ = {
			isa = XCBuildConfiguration;
			buildSettings = {
				ASSETCATALOG_COMPILER_APPICON_NAME = AppIcon;
				DEVELOPMENT_TEAM = 4JX7X95H6G;
				INFOPLIST_FILE = ZKBaseModel/Info.plist;
				LD_RUNPATH_SEARCH_PATHS = "$(inherited) @executable_path/Frameworks";
				PRODUCT_BUNDLE_IDENTIFIER = com.ZKBaseModel;
				PRODUCT_NAME = "$(TARGET_NAME)";
				SWIFT_VERSION = 3.0;
			};
			name = Release;
		};
		5B58E8641E768B0F00F102B7 /* Debug */ = {
			isa = XCBuildConfiguration;
			buildSettings = {
				ALWAYS_EMBED_SWIFT_STANDARD_LIBRARIES = YES;
				BUNDLE_LOADER = "$(TEST_HOST)";
				INFOPLIST_FILE = ZKBaseModelTests/Info.plist;
				LD_RUNPATH_SEARCH_PATHS = "$(inherited) @executable_path/Frameworks @loader_path/Frameworks";
				PRODUCT_BUNDLE_IDENTIFIER = com.ZKBaseModelTests;
				PRODUCT_NAME = "$(TARGET_NAME)";
				SWIFT_VERSION = 3.0;
				TEST_HOST = "$(BUILT_PRODUCTS_DIR)/ZKBaseModel.app/ZKBaseModel";
			};
			name = Debug;
		};
		5B58E8651E768B0F00F102B7 /* Release */ = {
			isa = XCBuildConfiguration;
			buildSettings = {
				ALWAYS_EMBED_SWIFT_STANDARD_LIBRARIES = YES;
				BUNDLE_LOADER = "$(TEST_HOST)";
				INFOPLIST_FILE = ZKBaseModelTests/Info.plist;
				LD_RUNPATH_SEARCH_PATHS = "$(inherited) @executable_path/Frameworks @loader_path/Frameworks";
				PRODUCT_BUNDLE_IDENTIFIER = com.ZKBaseModelTests;
				PRODUCT_NAME = "$(TARGET_NAME)";
				SWIFT_VERSION = 3.0;
				TEST_HOST = "$(BUILT_PRODUCTS_DIR)/ZKBaseModel.app/ZKBaseModel";
			};
			name = Release;
		};
		5B58E8671E768B0F00F102B7 /* Debug */ = {
			isa = XCBuildConfiguration;
			buildSettings = {
				ALWAYS_EMBED_SWIFT_STANDARD_LIBRARIES = YES;
				INFOPLIST_FILE = ZKBaseModelUITests/Info.plist;
				LD_RUNPATH_SEARCH_PATHS = "$(inherited) @executable_path/Frameworks @loader_path/Frameworks";
				PRODUCT_BUNDLE_IDENTIFIER = com.ZKBaseModelUITests;
				PRODUCT_NAME = "$(TARGET_NAME)";
				SWIFT_VERSION = 3.0;
				TEST_TARGET_NAME = ZKBaseModel;
			};
			name = Debug;
		};
		5B58E8681E768B0F00F102B7 /* Release */ = {
			isa = XCBuildConfiguration;
			buildSettings = {
				ALWAYS_EMBED_SWIFT_STANDARD_LIBRARIES = YES;
				INFOPLIST_FILE = ZKBaseModelUITests/Info.plist;
				LD_RUNPATH_SEARCH_PATHS = "$(inherited) @executable_path/Frameworks @loader_path/Frameworks";
				PRODUCT_BUNDLE_IDENTIFIER = com.ZKBaseModelUITests;
				PRODUCT_NAME = "$(TARGET_NAME)";
				SWIFT_VERSION = 3.0;
				TEST_TARGET_NAME = ZKBaseModel;
			};
			name = Release;
		};
/* End XCBuildConfiguration section */

/* Begin XCConfigurationList section */
		5B58E8331E768B0F00F102B7 /* Build configuration list for PBXProject "ZKBaseModel" */ = {
			isa = XCConfigurationList;
			buildConfigurations = (
				5B58E85E1E768B0F00F102B7 /* Debug */,
				5B58E85F1E768B0F00F102B7 /* Release */,
			);
			defaultConfigurationIsVisible = 0;
			defaultConfigurationName = Release;
		};
		5B58E8601E768B0F00F102B7 /* Build configuration list for PBXNativeTarget "ZKBaseModel" */ = {
			isa = XCConfigurationList;
			buildConfigurations = (
				5B58E8611E768B0F00F102B7 /* Debug */,
				5B58E8621E768B0F00F102B7 /* Release */,
			);
			defaultConfigurationIsVisible = 0;
			defaultConfigurationName = Release;
		};
		5B58E8631E768B0F00F102B7 /* Build configuration list for PBXNativeTarget "ZKBaseModelTests" */ = {
			isa = XCConfigurationList;
			buildConfigurations = (
				5B58E8641E768B0F00F102B7 /* Debug */,
				5B58E8651E768B0F00F102B7 /* Release */,
			);
			defaultConfigurationIsVisible = 0;
			defaultConfigurationName = Release;
		};
		5B58E8661E768B0F00F102B7 /* Build configuration list for PBXNativeTarget "ZKBaseModelUITests" */ = {
			isa = XCConfigurationList;
			buildConfigurations = (
				5B58E8671E768B0F00F102B7 /* Debug */,
				5B58E8681E768B0F00F102B7 /* Release */,
			);
			defaultConfigurationIsVisible = 0;
			defaultConfigurationName = Release;
		};
/* End XCConfigurationList section */
	};
	rootObject = 5B58E8301E768B0F00F102B7 /* Project object */;
}
